
Microsoft Visual Studio Solution File, Format Version 12.00
# Visual Studio Version 17
VisualStudioVersion = 17.14.36518.9 d17.14
MinimumVisualStudioVersion = 10.0.40219.1
Project("{FAE04EC0-301F-11D3-BF4B-00C04F79EFBC}") = "goftapp", "goftapp\goftapp.csproj", "{089BF97B-BF16-4DDB-89E3-2474F7D15884}"
EndProject
Global
	GlobalSection(SolutionConfigurationPlatforms) = preSolution
		Debug|Any CPU = Debug|Any CPU
		Release|Any CPU = Release|Any CPU
	EndGlobalSection
	GlobalSection(ProjectConfigurationPlatforms) = postSolution
		{089BF97B-BF16-4DDB-89E3-2474F7D15884}.Debug|Any CPU.ActiveCfg = Debug|Any CPU
		{089BF97B-BF16-4DDB-89E3-2474F7D15884}.Debug|Any CPU.Build.0 = Debug|Any CPU
		{089BF97B-BF16-4DDB-89E3-2474F7D15884}.Release|Any CPU.ActiveCfg = Release|Any CPU
		{089BF97B-BF16-4DDB-89E3-2474F7D15884}.Release|Any CPU.Build.0 = Release|Any CPU
	EndGlobalSection
	GlobalSection(SolutionProperties) = preSolution
		HideSolutionNode = FALSE
	EndGlobalSection
	GlobalSection(ExtensibilityGlobals) = postSolution
		SolutionGuid = {7CC7C990-4EBA-4AA9-AE2B-51072C418911}
	EndGlobalSection
EndGlobal
